
Microsoft Visual Studio Solution File, Format Version 12.00
# Visual Studio Version 17
VisualStudioVersion = 17.11.35327.3
MinimumVisualStudioVersion = 10.0.40219.1
Project("{FAE04EC0-301F-11D3-BF4B-00C04F79EFBC}") = "Sweets&Co_M2_Exam", "Sweets&Co_M2_Exam\Sweets&Co_M2_Exam.csproj", "{BC2908DD-CBCE-46F1-A7AB-5D3447C62D9D}"
EndProject
Global
	GlobalSection(SolutionConfigurationPlatforms) = preSolution
		Debug|Any CPU = Debug|Any CPU
		Release|Any CPU = Release|Any CPU
	EndGlobalSection
	GlobalSection(ProjectConfigurationPlatforms) = postSolution
		{BC2908DD-CBCE-46F1-A7AB-5D3447C62D9D}.Debug|Any CPU.ActiveCfg = Debug|Any CPU
		{BC2908DD-CBCE-46F1-A7AB-5D3447C62D9D}.Debug|Any CPU.Build.0 = Debug|Any CPU
		{BC2908DD-CBCE-46F1-A7AB-5D3447C62D9D}.Release|Any CPU.ActiveCfg = Release|Any CPU
		{BC2908DD-CBCE-46F1-A7AB-5D3447C62D9D}.Release|Any CPU.Build.0 = Release|Any CPU
	EndGlobalSection
	GlobalSection(SolutionProperties) = preSolution
		HideSolutionNode = FALSE
	EndGlobalSection
	GlobalSection(ExtensibilityGlobals) = postSolution
		SolutionGuid = {5EA93452-72F4-4AA0-A2B3-F19EC1620D6E}
	EndGlobalSection
EndGlobal
